
Microsoft Visual Studio Solution File, Format Version 12.00
# Visual Studio Version 17
VisualStudioVersion = 17.11.35222.181
MinimumVisualStudioVersion = 10.0.40219.1
Project("{FAE04EC0-301F-11D3-BF4B-00C04F79EFBC}") = "PersonalDictionaryProject", "PersonalDictionaryProject\PersonalDictionaryProject.csproj", "{93A01B03-68EE-499E-937D-2AA1790D0EC5}"
EndProject
Global
	GlobalSection(SolutionConfigurationPlatforms) = preSolution
		Debug|Any CPU = Debug|Any CPU
		Release|Any CPU = Release|Any CPU
	EndGlobalSection
	GlobalSection(ProjectConfigurationPlatforms) = postSolution
		{93A01B03-68EE-499E-937D-2AA1790D0EC5}.Debug|Any CPU.ActiveCfg = Debug|Any CPU
		{93A01B03-68EE-499E-937D-2AA1790D0EC5}.Debug|Any CPU.Build.0 = Debug|Any CPU
		{93A01B03-68EE-499E-937D-2AA1790D0EC5}.Release|Any CPU.ActiveCfg = Release|Any CPU
		{93A01B03-68EE-499E-937D-2AA1790D0EC5}.Release|Any CPU.Build.0 = Release|Any CPU
	EndGlobalSection
	GlobalSection(SolutionProperties) = preSolution
		HideSolutionNode = FALSE
	EndGlobalSection
	GlobalSection(ExtensibilityGlobals) = postSolution
		SolutionGuid = {118186BF-29C5-4C98-8FE3-3767E837E24D}
	EndGlobalSection
EndGlobal
